// !$*UTF8*$!
{
	archiveVersion = 1;
	classes = {
	};
	objectVersion = 50;
	objects = {

/* Begin PBXBuildFile section */
		4F56C031264A0B3800034B62 /* PizzaBot.swift in Sources */ = {isa = PBXBuildFile; fileRef = 4FEF17852648CBC6009A81AE /* PizzaBot.swift */; };
		4F56C034264A0B3C00034B62 /* main.swift in Sources */ = {isa = PBXBuildFile; fileRef = 4FEF177D2648CBA7009A81AE /* main.swift */; };
		4FEF177E2648CBA7009A81AE /* main.swift in Sources */ = {isa = PBXBuildFile; fileRef = 4FEF177D2648CBA7009A81AE /* main.swift */; };
		4FEF17862648CBC6009A81AE /* PizzaBot.swift in Sources */ = {isa = PBXBuildFile; fileRef = 4FEF17852648CBC6009A81AE /* PizzaBot.swift */; };
		4FEF17AE264A0A01009A81AE /* PizzaBotTests.swift in Sources */ = {isa = PBXBuildFile; fileRef = 4FEF17AD264A0A01009A81AE /* PizzaBotTests.swift */; };
/* End PBXBuildFile section */

/* Begin PBXCopyFilesBuildPhase section */
		4FEF17782648CBA7009A81AE /* CopyFiles */ = {
			isa = PBXCopyFilesBuildPhase;
			buildActionMask = 2147483647;
			dstPath = /usr/share/man/man1/;
			dstSubfolderSpec = 0;
			files = (
			);
			runOnlyForDeploymentPostprocessing = 1;
		};
/* End PBXCopyFilesBuildPhase section */

/* Begin PBXFileReference section */
		4FEF177A2648CBA7009A81AE /* PizzaBot */ = {isa = PBXFileReference; explicitFileType = "compiled.mach-o.executable"; includeInIndex = 0; path = PizzaBot; sourceTree = BUILT_PRODUCTS_DIR; };
		4FEF177D2648CBA7009A81AE /* main.swift */ = {isa = PBXFileReference; lastKnownFileType = sourcecode.swift; path = main.swift; sourceTree = "<group>"; };
		4FEF17852648CBC6009A81AE /* PizzaBot.swift */ = {isa = PBXFileReference; lastKnownFileType = sourcecode.swift; path = PizzaBot.swift; sourceTree = "<group>"; };
		4FEF178E264A0354009A81AE /* PizzaBotTests.swift */ = {isa = PBXFileReference; lastKnownFileType = sourcecode.swift; path = PizzaBotTests.swift; sourceTree = "<group>"; };
		4FEF1790264A0354009A81AE /* Info.plist */ = {isa = PBXFileReference; lastKnownFileType = text.plist.xml; path = Info.plist; sourceTree = "<group>"; };
		4FEF17AB264A0A01009A81AE /* PizzaBotTests.xctest */ = {isa = PBXFileReference; explicitFileType = wrapper.cfbundle; includeInIndex = 0; path = PizzaBotTests.xctest; sourceTree = BUILT_PRODUCTS_DIR; };
		4FEF17AD264A0A01009A81AE /* PizzaBotTests.swift */ = {isa = PBXFileReference; lastKnownFileType = sourcecode.swift; path = PizzaBotTests.swift; sourceTree = "<group>"; };
		4FEF17AF264A0A01009A81AE /* Info.plist */ = {isa = PBXFileReference; lastKnownFileType = text.plist.xml; path = Info.plist; sourceTree = "<group>"; };
/* End PBXFileReference section */

/* Begin PBXFrameworksBuildPhase section */
		4FEF17772648CBA7009A81AE /* Frameworks */ = {
			isa = PBXFrameworksBuildPhase;
			buildActionMask = 2147483647;
			files = (
			);
			runOnlyForDeploymentPostprocessing = 0;
		};
		4FEF17A8264A0A01009A81AE /* Frameworks */ = {
			isa = PBXFrameworksBuildPhase;
			buildActionMask = 2147483647;
			files = (
			);
			runOnlyForDeploymentPostprocessing = 0;
		};
/* End PBXFrameworksBuildPhase section */

/* Begin PBXGroup section */
		4FEF17712648CBA7009A81AE = {
			isa = PBXGroup;
			children = (
				4FEF177C2648CBA7009A81AE /* PizzaBot */,
				4FEF178D264A0354009A81AE /* PizzaBotTests */,
				4FEF17AC264A0A01009A81AE /* PizzaBotTests */,
				4FEF177B2648CBA7009A81AE /* Products */,
			);
			sourceTree = "<group>";
		};
		4FEF177B2648CBA7009A81AE /* Products */ = {
			isa = PBXGroup;
			children = (
				4FEF177A2648CBA7009A81AE /* PizzaBot */,
				4FEF17AB264A0A01009A81AE /* PizzaBotTests.xctest */,
			);
			name = Products;
			sourceTree = "<group>";
		};
		4FEF177C2648CBA7009A81AE /* PizzaBot */ = {
			isa = PBXGroup;
			children = (
				4FEF177D2648CBA7009A81AE /* main.swift */,
				4FEF17852648CBC6009A81AE /* PizzaBot.swift */,
			);
			path = PizzaBot;
			sourceTree = "<group>";
		};
		4FEF178D264A0354009A81AE /* PizzaBotTests */ = {
			isa = PBXGroup;
			children = (
				4FEF178E264A0354009A81AE /* PizzaBotTests.swift */,
				4FEF1790264A0354009A81AE /* Info.plist */,
			);
			path = PizzaBotTests;
			sourceTree = "<group>";
		};
		4FEF17AC264A0A01009A81AE /* PizzaBotTests */ = {
			isa = PBXGroup;
			children = (
				4FEF17AD264A0A01009A81AE /* PizzaBotTests.swift */,
				4FEF17AF264A0A01009A81AE /* Info.plist */,
			);
			path = PizzaBotTests;
			sourceTree = "<group>";
		};
/* End PBXGroup section */

/* Begin PBXNativeTarget section */
		4FEF17792648CBA7009A81AE /* PizzaBot */ = {
			isa = PBXNativeTarget;
			buildConfigurationList = 4FEF17812648CBA7009A81AE /* Build configuration list for PBXNativeTarget "PizzaBot" */;
			buildPhases = (
				4FEF17762648CBA7009A81AE /* Sources */,
				4FEF17772648CBA7009A81AE /* Frameworks */,
				4FEF17782648CBA7009A81AE /* CopyFiles */,
			);
			buildRules = (
			);
			dependencies = (
			);
			name = PizzaBot;
			productName = PizzaBot;
			productReference = 4FEF177A2648CBA7009A81AE /* PizzaBot */;
			productType = "com.apple.product-type.tool";
		};
		4FEF17AA264A0A01009A81AE /* PizzaBotTests */ = {
			isa = PBXNativeTarget;
			buildConfigurationList = 4FEF17B0264A0A01009A81AE /* Build configuration list for PBXNativeTarget "PizzaBotTests" */;
			buildPhases = (
				4FEF17A7264A0A01009A81AE /* Sources */,
				4FEF17A8264A0A01009A81AE /* Frameworks */,
				4FEF17A9264A0A01009A81AE /* Resources */,
			);
			buildRules = (
			);
			dependencies = (
			);
			name = PizzaBotTests;
			productName = PizzaBotTests;
			productReference = 4FEF17AB264A0A01009A81AE /* PizzaBotTests.xctest */;
			productType = "com.apple.product-type.bundle.unit-test";
		};
/* End PBXNativeTarget section */

/* Begin PBXProject section */
		4FEF17722648CBA7009A81AE /* Project object */ = {
			isa = PBXProject;
			attributes = {
				LastSwiftUpdateCheck = 1240;
				LastUpgradeCheck = 1240;
				TargetAttributes = {
					4FEF17792648CBA7009A81AE = {
						CreatedOnToolsVersion = 12.4;
					};
					4FEF17AA264A0A01009A81AE = {
						CreatedOnToolsVersion = 12.4;
					};
				};
			};
			buildConfigurationList = 4FEF17752648CBA7009A81AE /* Build configuration list for PBXProject "PizzaBot" */;
			compatibilityVersion = "Xcode 9.3";
			developmentRegion = en;
			hasScannedForEncodings = 0;
			knownRegions = (
				en,
				Base,
			);
			mainGroup = 4FEF17712648CBA7009A81AE;
			productRefGroup = 4FEF177B2648CBA7009A81AE /* Products */;
			projectDirPath = "";
			projectRoot = "";
			targets = (
				4FEF17792648CBA7009A81AE /* PizzaBot */,
				4FEF17AA264A0A01009A81AE /* PizzaBotTests */,
			);
		};
/* End PBXProject section */

/* Begin PBXResourcesBuildPhase section */
		4FEF17A9264A0A01009A81AE /* Resources */ = {
			isa = PBXResourcesBuildPhase;
			buildActionMask = 2147483647;
			files = (
			);
			runOnlyForDeploymentPostprocessing = 0;
		};
/* End PBXResourcesBuildPhase section */

/* Begin PBXSourcesBuildPhase section */
		4FEF17762648CBA7009A81AE /* Sources */ = {
			isa = PBXSourcesBuildPhase;
			buildActionMask = 2147483647;
			files = (
				4FEF17862648CBC6009A81AE /* PizzaBot.swift in Sources */,
				4FEF177E2648CBA7009A81AE /* main.swift in Sources */,
			);
			runOnlyForDeploymentPostprocessing = 0;
		};
		4FEF17A7264A0A01009A81AE /* Sources */ = {
			isa = PBXSourcesBuildPhase;
			buildActionMask = 2147483647;
			files = (
				4F56C031264A0B3800034B62 /* PizzaBot.swift in Sources */,
				4FEF17AE264A0A01009A81AE /* PizzaBotTests.swift in Sources */,
				4F56C034264A0B3C00034B62 /* main.swift in Sources */,
			);
			runOnlyForDeploymentPostprocessing = 0;
		};
/* End PBXSourcesBuildPhase section */

/* Begin XCBuildConfiguration section */
		4FEF177F2648CBA7009A81AE /* Debug */ = {
			isa = XCBuildConfiguration;
			buildSettings = {
				ALWAYS_SEARCH_USER_PATHS = NO;
				CLANG_ANALYZER_NONNULL = YES;
				CLANG_ANALYZER_NUMBER_OBJECT_CONVERSION = YES_AGGRESSIVE;
				CLANG_CXX_LANGUAGE_STANDARD = "gnu++14";
				CLANG_CXX_LIBRARY = "libc++";
				CLANG_ENABLE_MODULES = YES;
				CLANG_ENABLE_OBJC_ARC = YES;
				CLANG_ENABLE_OBJC_WEAK = YES;
				CLANG_WARN_BLOCK_CAPTURE_AUTORELEASING = YES;
				CLANG_WARN_BOOL_CONVERSION = YES;
				CLANG_WARN_COMMA = YES;
				CLANG_WARN_CONSTANT_CONVERSION = YES;
				CLANG_WARN_DEPRECATED_OBJC_IMPLEMENTATIONS = YES;
				CLANG_WARN_DIRECT_OBJC_ISA_USAGE = YES_ERROR;
				CLANG_WARN_DOCUMENTATION_COMMENTS = YES;
				CLANG_WARN_EMPTY_BODY = YES;
				CLANG_WARN_ENUM_CONVERSION = YES;
				CLANG_WARN_INFINITE_RECURSION = YES;
				CLANG_WARN_INT_CONVERSION = YES;
				CLANG_WARN_NON_LITERAL_NULL_CONVERSION = YES;
				CLANG_WARN_OBJC_IMPLICIT_RETAIN_SELF = YES;
				CLANG_WARN_OBJC_LITERAL_CONVERSION = YES;
				CLANG_WARN_OBJC_ROOT_CLASS = YES_ERROR;
				CLANG_WARN_QUOTED_INCLUDE_IN_FRAMEWORK_HEADER = YES;
				CLANG_WARN_RANGE_LOOP_ANALYSIS = YES;
				CLANG_WARN_STRICT_PROTOTYPES = YES;
				CLANG_WARN_SUSPICIOUS_MOVE = YES;
				CLANG_WARN_UNGUARDED_AVAILABILITY = YES_AGGRESSIVE;
				CLANG_WARN_UNREACHABLE_CODE = YES;
				CLANG_WARN__DUPLICATE_METHOD_MATCH = YES;
				COPY_PHASE_STRIP = NO;
				DEBUG_INFORMATION_FORMAT = dwarf;
				ENABLE_STRICT_OBJC_MSGSEND = YES;
				ENABLE_TESTABILITY = YES;
				GCC_C_LANGUAGE_STANDARD = gnu11;
				GCC_DYNAMIC_NO_PIC = NO;
				GCC_NO_COMMON_BLOCKS = YES;
				GCC_OPTIMIZATION_LEVEL = 0;
				GCC_PREPROCESSOR_DEFINITIONS = (
					"DEBUG=1",
					"$(inherited)",
				);
				GCC_WARN_64_TO_32_BIT_CONVERSION = YES;
				GCC_WARN_ABOUT_RETURN_TYPE = YES_ERROR;
				GCC_WARN_UNDECLARED_SELECTOR = YES;
				GCC_WARN_UNINITIALIZED_AUTOS = YES_AGGRESSIVE;
				GCC_WARN_UNUSED_FUNCTION = YES;
				GCC_WARN_UNUSED_VARIABLE = YES;
				MACOSX_DEPLOYMENT_TARGET = 11.1;
				MTL_ENABLE_DEBUG_INFO = INCLUDE_SOURCE;
				MTL_FAST_MATH = YES;
				ONLY_ACTIVE_ARCH = YES;
				SDKROOT = macosx;
				SWIFT_ACTIVE_COMPILATION_CONDITIONS = DEBUG;
				SWIFT_OPTIMIZATION_LEVEL = "-Onone";
			};
			name = Debug;
		};
		4FEF17802648CBA7009A81AE /* Release */ = {
			isa = XCBuildConfiguration;
			buildSettings = {
				ALWAYS_SEARCH_USER_PATHS = NO;
				CLANG_ANALYZER_NONNULL = YES;
				CLANG_ANALYZER_NUMBER_OBJECT_CONVERSION = YES_AGGRESSIVE;
				CLANG_CXX_LANGUAGE_STANDARD = "gnu++14";
				CLANG_CXX_LIBRARY = "libc++";
				CLANG_ENABLE_MODULES = YES;
				CLANG_ENABLE_OBJC_ARC = YES;
				CLANG_ENABLE_OBJC_WEAK = YES;
				CLANG_WARN_BLOCK_CAPTURE_AUTORELEASING = YES;
				CLANG_WARN_BOOL_CONVERSION = YES;
				CLANG_WARN_COMMA = YES;
				CLANG_WARN_CONSTANT_CONVERSION = YES;
				CLANG_WARN_DEPRECATED_OBJC_IMPLEMENTATIONS = YES;
				CLANG_WARN_DIRECT_OBJC_ISA_USAGE = YES_ERROR;
				CLANG_WARN_DOCUMENTATION_COMMENTS = YES;
				CLANG_WARN_EMPTY_BODY = YES;
				CLANG_WARN_ENUM_CONVERSION = YES;
				CLANG_WARN_INFINITE_RECURSION = YES;
				CLANG_WARN_INT_CONVERSION = YES;
				CLANG_WARN_NON_LITERAL_NULL_CONVERSION = YES;
				CLANG_WARN_OBJC_IMPLICIT_RETAIN_SELF = YES;
				CLANG_WARN_OBJC_LITERAL_CONVERSION = YES;
				CLANG_WARN_OBJC_ROOT_CLASS = YES_ERROR;
				CLANG_WARN_QUOTED_INCLUDE_IN_FRAMEWORK_HEADER = YES;
				CLANG_WARN_RANGE_LOOP_ANALYSIS = YES;
				CLANG_WARN_STRICT_PROTOTYPES = YES;
				CLANG_WARN_SUSPICIOUS_MOVE = YES;
				CLANG_WARN_UNGUARDED_AVAILABILITY = YES_AGGRESSIVE;
				CLANG_WARN_UNREACHABLE_CODE = YES;
				CLANG_WARN__DUPLICATE_METHOD_MATCH = YES;
				COPY_PHASE_STRIP = NO;
				DEBUG_INFORMATION_FORMAT = "dwarf-with-dsym";
				ENABLE_NS_ASSERTIONS = NO;
				ENABLE_STRICT_OBJC_MSGSEND = YES;
				GCC_C_LANGUAGE_STANDARD = gnu11;
				GCC_NO_COMMON_BLOCKS = YES;
				GCC_WARN_64_TO_32_BIT_CONVERSION = YES;
				GCC_WARN_ABOUT_RETURN_TYPE = YES_ERROR;
				GCC_WARN_UNDECLARED_SELECTOR = YES;
				GCC_WARN_UNINITIALIZED_AUTOS = YES_AGGRESSIVE;
				GCC_WARN_UNUSED_FUNCTION = YES;
				GCC_WARN_UNUSED_VARIABLE = YES;
				MACOSX_DEPLOYMENT_TARGET = 11.1;
				MTL_ENABLE_DEBUG_INFO = NO;
				MTL_FAST_MATH = YES;
				SDKROOT = macosx;
				SWIFT_COMPILATION_MODE = wholemodule;
				SWIFT_OPTIMIZATION_LEVEL = "-O";
			};
			name = Release;
		};
		4FEF17822648CBA7009A81AE /* Debug */ = {
			isa = XCBuildConfiguration;
			buildSettings = {
				CODE_SIGN_STYLE = Automatic;
				GCC_SYMBOLS_PRIVATE_EXTERN = NO;
				PRODUCT_NAME = "$(TARGET_NAME)";
				SWIFT_VERSION = 5.0;
			};
			name = Debug;
		};
		4FEF17832648CBA7009A81AE /* Release */ = {
			isa = XCBuildConfiguration;
			buildSettings = {
				CODE_SIGN_STYLE = Automatic;
				GCC_SYMBOLS_PRIVATE_EXTERN = NO;
				PRODUCT_NAME = "$(TARGET_NAME)";
				SWIFT_VERSION = 5.0;
			};
			name = Release;
		};
		4FEF17B1264A0A01009A81AE /* Debug */ = {
			isa = XCBuildConfiguration;
			buildSettings = {
				CODE_SIGN_STYLE = Automatic;
				COMBINE_HIDPI_IMAGES = YES;
				INFOPLIST_FILE = PizzaBotTests/Info.plist;
				LD_RUNPATH_SEARCH_PATHS = (
					"$(inherited)",
					"@executable_path/../Frameworks",
					"@loader_path/../Frameworks",
				);
				PRODUCT_BUNDLE_IDENTIFIER = ignacio.PizzaBotTests;
				PRODUCT_NAME = "$(TARGET_NAME)";
				SWIFT_VERSION = 5.0;
			};
			name = Debug;
		};
		4FEF17B2264A0A01009A81AE /* Release */ = {
			isa = XCBuildConfiguration;
			buildSettings = {
				CODE_SIGN_STYLE = Automatic;
				COMBINE_HIDPI_IMAGES = YES;
				INFOPLIST_FILE = PizzaBotTests/Info.plist;
				LD_RUNPATH_SEARCH_PATHS = (
					"$(inherited)",
					"@executable_path/../Frameworks",
					"@loader_path/../Frameworks",
				);
				PRODUCT_BUNDLE_IDENTIFIER = ignacio.PizzaBotTests;
				PRODUCT_NAME = "$(TARGET_NAME)";
				SWIFT_VERSION = 5.0;
			};
			name = Release;
		};
/* End XCBuildConfiguration section */

/* Begin XCConfigurationList section */
		4FEF17752648CBA7009A81AE /* Build configuration list for PBXProject "PizzaBot" */ = {
			isa = XCConfigurationList;
			buildConfigurations = (
				4FEF177F2648CBA7009A81AE /* Debug */,
				4FEF17802648CBA7009A81AE /* Release */,
			);
			defaultConfigurationIsVisible = 0;
			defaultConfigurationName = Release;
		};
		4FEF17812648CBA7009A81AE /* Build configuration list for PBXNativeTarget "PizzaBot" */ = {
			isa = XCConfigurationList;
			buildConfigurations = (
				4FEF17822648CBA7009A81AE /* Debug */,
				4FEF17832648CBA7009A81AE /* Release */,
			);
			defaultConfigurationIsVisible = 0;
			defaultConfigurationName = Release;
		};
		4FEF17B0264A0A01009A81AE /* Build configuration list for PBXNativeTarget "PizzaBotTests" */ = {
			isa = XCConfigurationList;
			buildConfigurations = (
				4FEF17B1264A0A01009A81AE /* Debug */,
				4FEF17B2264A0A01009A81AE /* Release */,
			);
			defaultConfigurationIsVisible = 0;
			defaultConfigurationName = Release;
		};
/* End XCConfigurationList section */
	};
	rootObject = 4FEF17722648CBA7009A81AE /* Project object */;
}
